{
  "nodes": {
    "defaultShell": {
      "inputs": {
        "nixpkgs": [
          "nixpkgs"
        ]
      },
      "locked": {
        "lastModified": 1771257635,
        "narHash": "sha256-4HCsxHLvy/xzTIM8LyPorJlp6Z/yCYWmVnsgbiLCpc4=",
        "path": "/etc/nixos/shells/default/",
        "type": "path"
      },
      "original": {
        "path": "/etc/nixos/shells/default/",
        "type": "path"
      }
    },
    "glShell": {
      "inputs": {
        "nixpkgs": [
          "nixpkgs"
        ]
      },
      "locked": {
        "lastModified": 1771256764,
        "narHash": "sha256-DI6k158D3BDdNGnDZTEV4gxPyrnR4bZzB+mwynaO/5o=",
        "path": "/etc/nixos/shells/glShell/",
        "type": "path"
      },
      "original": {
        "path": "/etc/nixos/shells/glShell/",
        "type": "path"
      }
    },
    "home-manager": {
      "inputs": {
        "nixpkgs": [
          "nixpkgs"
        ]
      },
      "locked": {
        "lastModified": 1771188132,
        "narHash": "sha256-qLXxN/tPrZtnekaLBQuVtxQfvqqs5cT5WbyH4zZaTGI=",
        "owner": "nix-community",
        "repo": "home-manager",
        "rev": "ae8003d8b61d0d373e7ca3da1a48f9c870d15df9",
        "type": "github"
      },
      "original": {
        "owner": "nix-community",
        "repo": "home-manager",
        "type": "github"
      }
    },
    "nixpkgs": {
      "locked": {
        "lastModified": 1771043024,
        "narHash": "sha256-O1XDr7EWbRp+kHrNNgLWgIrB0/US5wvw9K6RERWAj6I=",
        "owner": "NixOS",
        "repo": "nixpkgs",
        "rev": "3aadb7ca9eac2891d52a9dec199d9580a6e2bf44",
        "type": "github"
      },
      "original": {
        "id": "nixpkgs",
        "ref": "nixos-25.11",
        "type": "indirect"
      }
    },
    "root": {
      "inputs": {
        "defaultShell": "defaultShell",
        "glShell": "glShell",
        "home-manager": "home-manager",
        "nixpkgs": "nixpkgs",
        "zen-browser": "zen-browser"
      }
    },
    "zen-browser": {
      "inputs": {
        "nixpkgs": [
          "nixpkgs"
        ]
      },
      "locked": {
        "lastModified": 1771130449,
        "narHash": "sha256-4aKnr603xOLsTsPB4vQqPLpeze4n+9tURz0IK48ZJ4E=",
        "owner": "youwen5",
        "repo": "zen-browser-flake",
        "rev": "105bcb6a016ecc4327f24fc0e9e9aba1da53b33b",
        "type": "github"
      },
      "original": {
        "owner": "youwen5",
        "repo": "zen-browser-flake",
        "type": "github"
      }
    }
  },
  "root": "root",
  "version": 7
}
