{
  "nodes": {
    "glShell": {
      "inputs": {
        "nixpkgs": [
          "nixpkgs"
        ]
      },
      "locked": {
        "lastModified": 1771072229,
        "narHash": "sha256-DI6k158D3BDdNGnDZTEV4gxPyrnR4bZzB+mwynaO/5o=",
        "path": "/etc/nixos/shells/glShell/",
        "type": "path"
      },
      "original": {
        "path": "/etc/nixos/shells/glShell/",
        "type": "path"
      }
    },
    "nixpkgs": {
      "locked": {
        "lastModified": 1770770419,
        "narHash": "sha256-iKZMkr6Cm9JzWlRYW/VPoL0A9jVKtZYiU4zSrVeetIs=",
        "owner": "NixOS",
        "repo": "nixpkgs",
        "rev": "6c5e707c6b5339359a9a9e215c5e66d6d802fd7a",
        "type": "github"
      },
      "original": {
        "id": "nixpkgs",
        "ref": "nixos-25.11",
        "type": "indirect"
      }
    },
    "root": {
      "inputs": {
        "glShell": "glShell",
        "nixpkgs": "nixpkgs"
      }
    }
  },
  "root": "root",
  "version": 7
}
